// !$*UTF8*$!
{
	archiveVersion = 1;
	classes = {
	};
	objectVersion = 46;
	objects = {

/* Begin PBXBuildFile section */
		E151A6A01C79609500F117C5 /* AppDelegate.swift in Sources */ = {isa = PBXBuildFile; fileRef = E151A69F1C79609500F117C5 /* AppDelegate.swift */; };
		E151A6A21C79609500F117C5 /* BrewViewController.swift in Sources */ = {isa = PBXBuildFile; fileRef = E151A6A11C79609500F117C5 /* BrewViewController.swift */; };
		E151A6A51C79609500F117C5 /* Main.storyboard in Resources */ = {isa = PBXBuildFile; fileRef = E151A6A31C79609500F117C5 /* Main.storyboard */; };
		E151A6A71C79609500F117C5 /* Assets.xcassets in Resources */ = {isa = PBXBuildFile; fileRef = E151A6A61C79609500F117C5 /* Assets.xcassets */; };
		E151A6AA1C79609500F117C5 /* LaunchScreen.storyboard in Resources */ = {isa = PBXBuildFile; fileRef = E151A6A81C79609500F117C5 /* LaunchScreen.storyboard */; };
		E151A6B51C79609500F117C5 /* MVVMReactiveSwiftTests.swift in Sources */ = {isa = PBXBuildFile; fileRef = E151A6B41C79609500F117C5 /* MVVMReactiveSwiftTests.swift */; };
		E151A6C01C79609600F117C5 /* MVVMReactiveSwiftUITests.swift in Sources */ = {isa = PBXBuildFile; fileRef = E151A6BF1C79609600F117C5 /* MVVMReactiveSwiftUITests.swift */; };
		E151A6CE1C797D6D00F117C5 /* Brew.swift in Sources */ = {isa = PBXBuildFile; fileRef = E151A6CD1C797D6D00F117C5 /* Brew.swift */; };
/* End PBXBuildFile section */

/* Begin PBXContainerItemProxy section */
		E151A6B11C79609500F117C5 /* PBXContainerItemProxy */ = {
			isa = PBXContainerItemProxy;
			containerPortal = E151A6941C79609500F117C5 /* Project object */;
			proxyType = 1;
			remoteGlobalIDString = E151A69B1C79609500F117C5;
			remoteInfo = MVVMReactiveSwift;
		};
		E151A6BC1C79609600F117C5 /* PBXContainerItemProxy */ = {
			isa = PBXContainerItemProxy;
			containerPortal = E151A6941C79609500F117C5 /* Project object */;
			proxyType = 1;
			remoteGlobalIDString = E151A69B1C79609500F117C5;
			remoteInfo = MVVMReactiveSwift;
		};
/* End PBXContainerItemProxy section */

/* Begin PBXFileReference section */
		E151A69C1C79609500F117C5 /* MVVMReactiveSwift.app */ = {isa = PBXFileReference; explicitFileType = wrapper.application; includeInIndex = 0; path = MVVMReactiveSwift.app; sourceTree = BUILT_PRODUCTS_DIR; };
		E151A69F1C79609500F117C5 /* AppDelegate.swift */ = {isa = PBXFileReference; lastKnownFileType = sourcecode.swift; path = AppDelegate.swift; sourceTree = "<group>"; };
		E151A6A11C79609500F117C5 /* BrewViewController.swift */ = {isa = PBXFileReference; lastKnownFileType = sourcecode.swift; path = BrewViewController.swift; sourceTree = "<group>"; };
		E151A6A41C79609500F117C5 /* Base */ = {isa = PBXFileReference; lastKnownFileType = file.storyboard; name = Base; path = Base.lproj/Main.storyboard; sourceTree = "<group>"; };
		E151A6A61C79609500F117C5 /* Assets.xcassets */ = {isa = PBXFileReference; lastKnownFileType = folder.assetcatalog; path = Assets.xcassets; sourceTree = "<group>"; };
		E151A6A91C79609500F117C5 /* Base */ = {isa = PBXFileReference; lastKnownFileType = file.storyboard; name = Base; path = Base.lproj/LaunchScreen.storyboard; sourceTree = "<group>"; };
		E151A6AB1C79609500F117C5 /* Info.plist */ = {isa = PBXFileReference; lastKnownFileType = text.plist.xml; path = Info.plist; sourceTree = "<group>"; };
		E151A6B01C79609500F117C5 /* MVVMReactiveSwiftTests.xctest */ = {isa = PBXFileReference; explicitFileType = wrapper.cfbundle; includeInIndex = 0; path = MVVMReactiveSwiftTests.xctest; sourceTree = BUILT_PRODUCTS_DIR; };
		E151A6B41C79609500F117C5 /* MVVMReactiveSwiftTests.swift */ = {isa = PBXFileReference; lastKnownFileType = sourcecode.swift; path = MVVMReactiveSwiftTests.swift; sourceTree = "<group>"; };
		E151A6B61C79609500F117C5 /* Info.plist */ = {isa = PBXFileReference; lastKnownFileType = text.plist.xml; path = Info.plist; sourceTree = "<group>"; };
		E151A6BB1C79609600F117C5 /* MVVMReactiveSwiftUITests.xctest */ = {isa = PBXFileReference; explicitFileType = wrapper.cfbundle; includeInIndex = 0; path = MVVMReactiveSwiftUITests.xctest; sourceTree = BUILT_PRODUCTS_DIR; };
		E151A6BF1C79609600F117C5 /* MVVMReactiveSwiftUITests.swift */ = {isa = PBXFileReference; lastKnownFileType = sourcecode.swift; path = MVVMReactiveSwiftUITests.swift; sourceTree = "<group>"; };
		E151A6C11C79609600F117C5 /* Info.plist */ = {isa = PBXFileReference; lastKnownFileType = text.plist.xml; path = Info.plist; sourceTree = "<group>"; };
		E151A6CD1C797D6D00F117C5 /* Brew.swift */ = {isa = PBXFileReference; fileEncoding = 4; lastKnownFileType = sourcecode.swift; path = Brew.swift; sourceTree = "<group>"; };
/* End PBXFileReference section */

/* Begin PBXFrameworksBuildPhase section */
		E151A6991C79609500F117C5 /* Frameworks */ = {
			isa = PBXFrameworksBuildPhase;
			buildActionMask = 2147483647;
			files = (
			);
			runOnlyForDeploymentPostprocessing = 0;
		};
		E151A6AD1C79609500F117C5 /* Frameworks */ = {
			isa = PBXFrameworksBuildPhase;
			buildActionMask = 2147483647;
			files = (
			);
			runOnlyForDeploymentPostprocessing = 0;
		};
		E151A6B81C79609500F117C5 /* Frameworks */ = {
			isa = PBXFrameworksBuildPhase;
			buildActionMask = 2147483647;
			files = (
			);
			runOnlyForDeploymentPostprocessing = 0;
		};
/* End PBXFrameworksBuildPhase section */

/* Begin PBXGroup section */
		E151A6931C79609500F117C5 = {
			isa = PBXGroup;
			children = (
				E151A69E1C79609500F117C5 /* MVVMReactiveSwift */,
				E151A6B31C79609500F117C5 /* MVVMReactiveSwiftTests */,
				E151A6BE1C79609600F117C5 /* MVVMReactiveSwiftUITests */,
				E151A69D1C79609500F117C5 /* Products */,
			);
			sourceTree = "<group>";
		};
		E151A69D1C79609500F117C5 /* Products */ = {
			isa = PBXGroup;
			children = (
				E151A69C1C79609500F117C5 /* MVVMReactiveSwift.app */,
				E151A6B01C79609500F117C5 /* MVVMReactiveSwiftTests.xctest */,
				E151A6BB1C79609600F117C5 /* MVVMReactiveSwiftUITests.xctest */,
			);
			name = Products;
			sourceTree = "<group>";
		};
		E151A69E1C79609500F117C5 /* MVVMReactiveSwift */ = {
			isa = PBXGroup;
			children = (
				E151A69F1C79609500F117C5 /* AppDelegate.swift */,
				E151A6A11C79609500F117C5 /* BrewViewController.swift */,
				E151A6A31C79609500F117C5 /* Main.storyboard */,
				E151A6A61C79609500F117C5 /* Assets.xcassets */,
				E151A6A81C79609500F117C5 /* LaunchScreen.storyboard */,
				E151A6AB1C79609500F117C5 /* Info.plist */,
				E151A6CD1C797D6D00F117C5 /* Brew.swift */,
			);
			path = MVVMReactiveSwift;
			sourceTree = "<group>";
		};
		E151A6B31C79609500F117C5 /* MVVMReactiveSwiftTests */ = {
			isa = PBXGroup;
			children = (
				E151A6B41C79609500F117C5 /* MVVMReactiveSwiftTests.swift */,
				E151A6B61C79609500F117C5 /* Info.plist */,
			);
			path = MVVMReactiveSwiftTests;
			sourceTree = "<group>";
		};
		E151A6BE1C79609600F117C5 /* MVVMReactiveSwiftUITests */ = {
			isa = PBXGroup;
			children = (
				E151A6BF1C79609600F117C5 /* MVVMReactiveSwiftUITests.swift */,
				E151A6C11C79609600F117C5 /* Info.plist */,
			);
			path = MVVMReactiveSwiftUITests;
			sourceTree = "<group>";
		};
/* End PBXGroup section */

/* Begin PBXNativeTarget section */
		E151A69B1C79609500F117C5 /* MVVMReactiveSwift */ = {
			isa = PBXNativeTarget;
			buildConfigurationList = E151A6C41C79609600F117C5 /* Build configuration list for PBXNativeTarget "MVVMReactiveSwift" */;
			buildPhases = (
				E151A6981C79609500F117C5 /* Sources */,
				E151A6991C79609500F117C5 /* Frameworks */,
				E151A69A1C79609500F117C5 /* Resources */,
			);
			buildRules = (
			);
			dependencies = (
			);
			name = MVVMReactiveSwift;
			productName = MVVMReactiveSwift;
			productReference = E151A69C1C79609500F117C5 /* MVVMReactiveSwift.app */;
			productType = "com.apple.product-type.application";
		};
		E151A6AF1C79609500F117C5 /* MVVMReactiveSwiftTests */ = {
			isa = PBXNativeTarget;
			buildConfigurationList = E151A6C71C79609600F117C5 /* Build configuration list for PBXNativeTarget "MVVMReactiveSwiftTests" */;
			buildPhases = (
				E151A6AC1C79609500F117C5 /* Sources */,
				E151A6AD1C79609500F117C5 /* Frameworks */,
				E151A6AE1C79609500F117C5 /* Resources */,
			);
			buildRules = (
			);
			dependencies = (
				E151A6B21C79609500F117C5 /* PBXTargetDependency */,
			);
			name = MVVMReactiveSwiftTests;
			productName = MVVMReactiveSwiftTests;
			productReference = E151A6B01C79609500F117C5 /* MVVMReactiveSwiftTests.xctest */;
			productType = "com.apple.product-type.bundle.unit-test";
		};
		E151A6BA1C79609500F117C5 /* MVVMReactiveSwiftUITests */ = {
			isa = PBXNativeTarget;
			buildConfigurationList = E151A6CA1C79609600F117C5 /* Build configuration list for PBXNativeTarget "MVVMReactiveSwiftUITests" */;
			buildPhases = (
				E151A6B71C79609500F117C5 /* Sources */,
				E151A6B81C79609500F117C5 /* Frameworks */,
				E151A6B91C79609500F117C5 /* Resources */,
			);
			buildRules = (
			);
			dependencies = (
				E151A6BD1C79609600F117C5 /* PBXTargetDependency */,
			);
			name = MVVMReactiveSwiftUITests;
			productName = MVVMReactiveSwiftUITests;
			productReference = E151A6BB1C79609600F117C5 /* MVVMReactiveSwiftUITests.xctest */;
			productType = "com.apple.product-type.bundle.ui-testing";
		};
/* End PBXNativeTarget section */

/* Begin PBXProject section */
		E151A6941C79609500F117C5 /* Project object */ = {
			isa = PBXProject;
			attributes = {
				LastSwiftUpdateCheck = 0720;
				LastUpgradeCheck = 0720;
				ORGANIZATIONNAME = "App Illustrator";
				TargetAttributes = {
					E151A69B1C79609500F117C5 = {
						CreatedOnToolsVersion = 7.2.1;
					};
					E151A6AF1C79609500F117C5 = {
						CreatedOnToolsVersion = 7.2.1;
						TestTargetID = E151A69B1C79609500F117C5;
					};
					E151A6BA1C79609500F117C5 = {
						CreatedOnToolsVersion = 7.2.1;
						TestTargetID = E151A69B1C79609500F117C5;
					};
				};
			};
			buildConfigurationList = E151A6971C79609500F117C5 /* Build configuration list for PBXProject "MVVMReactiveSwift" */;
			compatibilityVersion = "Xcode 3.2";
			developmentRegion = English;
			hasScannedForEncodings = 0;
			knownRegions = (
				en,
				Base,
			);
			mainGroup = E151A6931C79609500F117C5;
			productRefGroup = E151A69D1C79609500F117C5 /* Products */;
			projectDirPath = "";
			projectRoot = "";
			targets = (
				E151A69B1C79609500F117C5 /* MVVMReactiveSwift */,
				E151A6AF1C79609500F117C5 /* MVVMReactiveSwiftTests */,
				E151A6BA1C79609500F117C5 /* MVVMReactiveSwiftUITests */,
			);
		};
/* End PBXProject section */

/* Begin PBXResourcesBuildPhase section */
		E151A69A1C79609500F117C5 /* Resources */ = {
			isa = PBXResourcesBuildPhase;
			buildActionMask = 2147483647;
			files = (
				E151A6AA1C79609500F117C5 /* LaunchScreen.storyboard in Resources */,
				E151A6A71C79609500F117C5 /* Assets.xcassets in Resources */,
				E151A6A51C79609500F117C5 /* Main.storyboard in Resources */,
			);
			runOnlyForDeploymentPostprocessing = 0;
		};
		E151A6AE1C79609500F117C5 /* Resources */ = {
			isa = PBXResourcesBuildPhase;
			buildActionMask = 2147483647;
			files = (
			);
			runOnlyForDeploymentPostprocessing = 0;
		};
		E151A6B91C79609500F117C5 /* Resources */ = {
			isa = PBXResourcesBuildPhase;
			buildActionMask = 2147483647;
			files = (
			);
			runOnlyForDeploymentPostprocessing = 0;
		};
/* End PBXResourcesBuildPhase section */

/* Begin PBXSourcesBuildPhase section */
		E151A6981C79609500F117C5 /* Sources */ = {
			isa = PBXSourcesBuildPhase;
			buildActionMask = 2147483647;
			files = (
				E151A6A21C79609500F117C5 /* BrewViewController.swift in Sources */,
				E151A6A01C79609500F117C5 /* AppDelegate.swift in Sources */,
				E151A6CE1C797D6D00F117C5 /* Brew.swift in Sources */,
			);
			runOnlyForDeploymentPostprocessing = 0;
		};
		E151A6AC1C79609500F117C5 /* Sources */ = {
			isa = PBXSourcesBuildPhase;
			buildActionMask = 2147483647;
			files = (
				E151A6B51C79609500F117C5 /* MVVMReactiveSwiftTests.swift in Sources */,
			);
			runOnlyForDeploymentPostprocessing = 0;
		};
		E151A6B71C79609500F117C5 /* Sources */ = {
			isa = PBXSourcesBuildPhase;
			buildActionMask = 2147483647;
			files = (
				E151A6C01C79609600F117C5 /* MVVMReactiveSwiftUITests.swift in Sources */,
			);
			runOnlyForDeploymentPostprocessing = 0;
		};
/* End PBXSourcesBuildPhase section */

/* Begin PBXTargetDependency section */
		E151A6B21C79609500F117C5 /* PBXTargetDependency */ = {
			isa = PBXTargetDependency;
			target = E151A69B1C79609500F117C5 /* MVVMReactiveSwift */;
			targetProxy = E151A6B11C79609500F117C5 /* PBXContainerItemProxy */;
		};
		E151A6BD1C79609600F117C5 /* PBXTargetDependency */ = {
			isa = PBXTargetDependency;
			target = E151A69B1C79609500F117C5 /* MVVMReactiveSwift */;
			targetProxy = E151A6BC1C79609600F117C5 /* PBXContainerItemProxy */;
		};
/* End PBXTargetDependency section */

/* Begin PBXVariantGroup section */
		E151A6A31C79609500F117C5 /* Main.storyboard */ = {
			isa = PBXVariantGroup;
			children = (
				E151A6A41C79609500F117C5 /* Base */,
			);
			name = Main.storyboard;
			sourceTree = "<group>";
		};
		E151A6A81C79609500F117C5 /* LaunchScreen.storyboard */ = {
			isa = PBXVariantGroup;
			children = (
				E151A6A91C79609500F117C5 /* Base */,
			);
			name = LaunchScreen.storyboard;
			sourceTree = "<group>";
		};
/* End PBXVariantGroup section */

/* Begin XCBuildConfiguration section */
		E151A6C21C79609600F117C5 /* Debug */ = {
			isa = XCBuildConfiguration;
			buildSettings = {
				ALWAYS_SEARCH_USER_PATHS = NO;
				CLANG_CXX_LANGUAGE_STANDARD = "gnu++0x";
				CLANG_CXX_LIBRARY = "libc++";
				CLANG_ENABLE_MODULES = YES;
				CLANG_ENABLE_OBJC_ARC = YES;
				CLANG_WARN_BOOL_CONVERSION = YES;
				CLANG_WARN_CONSTANT_CONVERSION = YES;
				CLANG_WARN_DIRECT_OBJC_ISA_USAGE = YES_ERROR;
				CLANG_WARN_EMPTY_BODY = YES;
				CLANG_WARN_ENUM_CONVERSION = YES;
				CLANG_WARN_INT_CONVERSION = YES;
				CLANG_WARN_OBJC_ROOT_CLASS = YES_ERROR;
				CLANG_WARN_UNREACHABLE_CODE = YES;
				CLANG_WARN__DUPLICATE_METHOD_MATCH = YES;
				"CODE_SIGN_IDENTITY[sdk=iphoneos*]" = "iPhone Developer";
				COPY_PHASE_STRIP = NO;
				DEBUG_INFORMATION_FORMAT = dwarf;
				ENABLE_STRICT_OBJC_MSGSEND = YES;
				ENABLE_TESTABILITY = YES;
				GCC_C_LANGUAGE_STANDARD = gnu99;
				GCC_DYNAMIC_NO_PIC = NO;
				GCC_NO_COMMON_BLOCKS = YES;
				GCC_OPTIMIZATION_LEVEL = 0;
				GCC_PREPROCESSOR_DEFINITIONS = (
					"DEBUG=1",
					"$(inherited)",
				);
				GCC_WARN_64_TO_32_BIT_CONVERSION = YES;
				GCC_WARN_ABOUT_RETURN_TYPE = YES_ERROR;
				GCC_WARN_UNDECLARED_SELECTOR = YES;
				GCC_WARN_UNINITIALIZED_AUTOS = YES_AGGRESSIVE;
				GCC_WARN_UNUSED_FUNCTION = YES;
				GCC_WARN_UNUSED_VARIABLE = YES;
				IPHONEOS_DEPLOYMENT_TARGET = 9.2;
				MTL_ENABLE_DEBUG_INFO = YES;
				ONLY_ACTIVE_ARCH = YES;
				SDKROOT = iphoneos;
				SWIFT_OPTIMIZATION_LEVEL = "-Onone";
				TARGETED_DEVICE_FAMILY = "1,2";
			};
			name = Debug;
		};
		E151A6C31C79609600F117C5 /* Release */ = {
			isa = XCBuildConfiguration;
			buildSettings = {
				ALWAYS_SEARCH_USER_PATHS = NO;
				CLANG_CXX_LANGUAGE_STANDARD = "gnu++0x";
				CLANG_CXX_LIBRARY = "libc++";
				CLANG_ENABLE_MODULES = YES;
				CLANG_ENABLE_OBJC_ARC = YES;
				CLANG_WARN_BOOL_CONVERSION = YES;
				CLANG_WARN_CONSTANT_CONVERSION = YES;
				CLANG_WARN_DIRECT_OBJC_ISA_USAGE = YES_ERROR;
				CLANG_WARN_EMPTY_BODY = YES;
				CLANG_WARN_ENUM_CONVERSION = YES;
				CLANG_WARN_INT_CONVERSION = YES;
				CLANG_WARN_OBJC_ROOT_CLASS = YES_ERROR;
				CLANG_WARN_UNREACHABLE_CODE = YES;
				CLANG_WARN__DUPLICATE_METHOD_MATCH = YES;
				"CODE_SIGN_IDENTITY[sdk=iphoneos*]" = "iPhone Developer";
				COPY_PHASE_STRIP = NO;
				DEBUG_INFORMATION_FORMAT = "dwarf-with-dsym";
				ENABLE_NS_ASSERTIONS = NO;
				ENABLE_STRICT_OBJC_MSGSEND = YES;
				GCC_C_LANGUAGE_STANDARD = gnu99;
				GCC_NO_COMMON_BLOCKS = YES;
				GCC_WARN_64_TO_32_BIT_CONVERSION = YES;
				GCC_WARN_ABOUT_RETURN_TYPE = YES_ERROR;
				GCC_WARN_UNDECLARED_SELECTOR = YES;
				GCC_WARN_UNINITIALIZED_AUTOS = YES_AGGRESSIVE;
				GCC_WARN_UNUSED_FUNCTION = YES;
				GCC_WARN_UNUSED_VARIABLE = YES;
				IPHONEOS_DEPLOYMENT_TARGET = 9.2;
				MTL_ENABLE_DEBUG_INFO = NO;
				SDKROOT = iphoneos;
				TARGETED_DEVICE_FAMILY = "1,2";
				VALIDATE_PRODUCT = YES;
			};
			name = Release;
		};
		E151A6C51C79609600F117C5 /* Debug */ = {
			isa = XCBuildConfiguration;
			buildSettings = {
				ASSETCATALOG_COMPILER_APPICON_NAME = AppIcon;
				INFOPLIST_FILE = MVVMReactiveSwift/Info.plist;
				LD_RUNPATH_SEARCH_PATHS = "$(inherited) @executable_path/Frameworks";
				PRODUCT_BUNDLE_IDENTIFIER = com.appillustrator.MVVMReactiveSwift;
				PRODUCT_NAME = "$(TARGET_NAME)";
			};
			name = Debug;
		};
		E151A6C61C79609600F117C5 /* Release */ = {
			isa = XCBuildConfiguration;
			buildSettings = {
				ASSETCATALOG_COMPILER_APPICON_NAME = AppIcon;
				INFOPLIST_FILE = MVVMReactiveSwift/Info.plist;
				LD_RUNPATH_SEARCH_PATHS = "$(inherited) @executable_path/Frameworks";
				PRODUCT_BUNDLE_IDENTIFIER = com.appillustrator.MVVMReactiveSwift;
				PRODUCT_NAME = "$(TARGET_NAME)";
			};
			name = Release;
		};
		E151A6C81C79609600F117C5 /* Debug */ = {
			isa = XCBuildConfiguration;
			buildSettings = {
				BUNDLE_LOADER = "$(TEST_HOST)";
				INFOPLIST_FILE = MVVMReactiveSwiftTests/Info.plist;
				LD_RUNPATH_SEARCH_PATHS = "$(inherited) @executable_path/Frameworks @loader_path/Frameworks";
				PRODUCT_BUNDLE_IDENTIFIER = com.appillustrator.MVVMReactiveSwiftTests;
				PRODUCT_NAME = "$(TARGET_NAME)";
				TEST_HOST = "$(BUILT_PRODUCTS_DIR)/MVVMReactiveSwift.app/MVVMReactiveSwift";
			};
			name = Debug;
		};
		E151A6C91C79609600F117C5 /* Release */ = {
			isa = XCBuildConfiguration;
			buildSettings = {
				BUNDLE_LOADER = "$(TEST_HOST)";
				INFOPLIST_FILE = MVVMReactiveSwiftTests/Info.plist;
				LD_RUNPATH_SEARCH_PATHS = "$(inherited) @executable_path/Frameworks @loader_path/Frameworks";
				PRODUCT_BUNDLE_IDENTIFIER = com.appillustrator.MVVMReactiveSwiftTests;
				PRODUCT_NAME = "$(TARGET_NAME)";
				TEST_HOST = "$(BUILT_PRODUCTS_DIR)/MVVMReactiveSwift.app/MVVMReactiveSwift";
			};
			name = Release;
		};
		E151A6CB1C79609600F117C5 /* Debug */ = {
			isa = XCBuildConfiguration;
			buildSettings = {
				INFOPLIST_FILE = MVVMReactiveSwiftUITests/Info.plist;
				LD_RUNPATH_SEARCH_PATHS = "$(inherited) @executable_path/Frameworks @loader_path/Frameworks";
				PRODUCT_BUNDLE_IDENTIFIER = com.appillustrator.MVVMReactiveSwiftUITests;
				PRODUCT_NAME = "$(TARGET_NAME)";
				TEST_TARGET_NAME = MVVMReactiveSwift;
				USES_XCTRUNNER = YES;
			};
			name = Debug;
		};
		E151A6CC1C79609600F117C5 /* Release */ = {
			isa = XCBuildConfiguration;
			buildSettings = {
				INFOPLIST_FILE = MVVMReactiveSwiftUITests/Info.plist;
				LD_RUNPATH_SEARCH_PATHS = "$(inherited) @executable_path/Frameworks @loader_path/Frameworks";
				PRODUCT_BUNDLE_IDENTIFIER = com.appillustrator.MVVMReactiveSwiftUITests;
				PRODUCT_NAME = "$(TARGET_NAME)";
				TEST_TARGET_NAME = MVVMReactiveSwift;
				USES_XCTRUNNER = YES;
			};
			name = Release;
		};
/* End XCBuildConfiguration section */

/* Begin XCConfigurationList section */
		E151A6971C79609500F117C5 /* Build configuration list for PBXProject "MVVMReactiveSwift" */ = {
			isa = XCConfigurationList;
			buildConfigurations = (
				E151A6C21C79609600F117C5 /* Debug */,
				E151A6C31C79609600F117C5 /* Release */,
			);
			defaultConfigurationIsVisible = 0;
			defaultConfigurationName = Release;
		};
		E151A6C41C79609600F117C5 /* Build configuration list for PBXNativeTarget "MVVMReactiveSwift" */ = {
			isa = XCConfigurationList;
			buildConfigurations = (
				E151A6C51C79609600F117C5 /* Debug */,
				E151A6C61C79609600F117C5 /* Release */,
			);
			defaultConfigurationIsVisible = 0;
		};
		E151A6C71C79609600F117C5 /* Build configuration list for PBXNativeTarget "MVVMReactiveSwiftTests" */ = {
			isa = XCConfigurationList;
			buildConfigurations = (
				E151A6C81C79609600F117C5 /* Debug */,
				E151A6C91C79609600F117C5 /* Release */,
			);
			defaultConfigurationIsVisible = 0;
		};
		E151A6CA1C79609600F117C5 /* Build configuration list for PBXNativeTarget "MVVMReactiveSwiftUITests" */ = {
			isa = XCConfigurationList;
			buildConfigurations = (
				E151A6CB1C79609600F117C5 /* Debug */,
				E151A6CC1C79609600F117C5 /* Release */,
			);
			defaultConfigurationIsVisible = 0;
		};
/* End XCConfigurationList section */
	};
	rootObject = E151A6941C79609500F117C5 /* Project object */;
}
